PODS:
  - Alamofire (4.0.1)
  - Cartography (1.0.1)
  - Charts (3.0.0):
    - Charts/Core (= 3.0.0)
  - Charts/Core (3.0.0)
  - Moya (8.0.0-beta.3):
    - Moya/Core (= 8.0.0-beta.3)
  - Moya-ObjectMapper (2.0.1):
    - Moya-ObjectMapper/Core (= 2.0.1)
  - Moya-ObjectMapper/Core (2.0.1):
    - Moya (= 8.0.0-beta.3)
    - ObjectMapper (= 2.2.0)
  - Moya-ObjectMapper/RxSwift (2.0.1):
    - Moya-ObjectMapper/Core
    - Moya/RxSwift
    - RxSwift
  - Moya/Core (8.0.0-beta.3):
    - Alamofire (~> 4.0.0)
    - Result
  - Moya/RxSwift (8.0.0-beta.3):
    - Moya/Core
    - RxSwift
  - ObjectMapper (2.2.0)
  - Result (3.2.1)
  - RxCocoa (3.0.1):
    - RxSwift (~> 3.0)
  - RxSugar (0.1.1):
    - RxSwift (~> 3.0)
  - RxSwift (3.0.1)
  - RxSwiftExt (2.1.0):
    - RxSwift (~> 3.0)
  - SwiftDate (4.0.7)
  - SwiftyBeaver (1.1.1)

DEPENDENCIES:
  - Cartography
  - Charts
  - Moya
  - Moya-ObjectMapper
  - Moya-ObjectMapper/RxSwift
  - Moya/RxSwift
  - RxCocoa
  - RxSugar
  - RxSwift
  - RxSwiftExt
  - SwiftDate
  - SwiftyBeaver

SPEC CHECKSUMS:
  Alamofire: 7682d43245de14874acd142ec137b144aa1dd335
  Cartography: c1460e99395b824d9d75360b0382faeb0b33dcd7
  Charts: beb341928d2135613b4325a6c6aff9f2f6de895e
  Moya: f83c7f81eaa28cb0151549dfcf1f3fda4440bb50
  Moya-ObjectMapper: 816d23fdcfb4dcc14a9bbb6f174e8b5d530a881b
  ObjectMapper: 4060d739febae11ab0c6af8d786f98667c82e1bd
  Result: 2453a22e5c5b11c0c3a478736e82cd02f763b781
  RxCocoa: 15a52fc590dcc700cb4a690a633b5c5184ce3a78
  RxSugar: 353380861f482623e0734c85baca4a76d437a285
  RxSwift: af5680055c4ad04480189c52d28385b1029493a6
  RxSwiftExt: 492a6575cf6afabb8feeed3204bd0f9e2c695e67
  SwiftDate: 0efb04a6751b1ab804049b2b09a69848cd304c12
  SwiftyBeaver: 2b68694df862381235e32bcfc4ec991e26bf131d

PODFILE CHECKSUM: 521ef7397767341aacc1d7c40075d4572c6cc7cb

COCOAPODS: 1.1.1
