// !$*UTF8*$!
{
	archiveVersion = 1;
	classes = {
	};
	objectVersion = 46;
	objects = {

/* Begin PBXBuildFile section */
		2F103F5B1D8C742E00A579BE /* DateRangeSelectionView.xib in Resources */ = {isa = PBXBuildFile; fileRef = 2F103F5A1D8C742E00A579BE /* DateRangeSelectionView.xib */; };
		2F103F5E1D8C75C300A579BE /* DateRangeSelectionView.swift in Sources */ = {isa = PBXBuildFile; fileRef = 2F103F5D1D8C75C300A579BE /* DateRangeSelectionView.swift */; };
		2F103F601D8C767E00A579BE /* ExpandableViewType.swift in Sources */ = {isa = PBXBuildFile; fileRef = 2F103F5F1D8C767E00A579BE /* ExpandableViewType.swift */; };
		2F103F621D8C7A4700A579BE /* UIView+Drawing.swift in Sources */ = {isa = PBXBuildFile; fileRef = 2F103F611D8C7A4700A579BE /* UIView+Drawing.swift */; };
		2F46BA421D8906BB0007B056 /* PopModalAnimatedTransitioning.swift in Sources */ = {isa = PBXBuildFile; fileRef = 2F46BA411D8906BB0007B056 /* PopModalAnimatedTransitioning.swift */; };
		2F50B71F1D87B7D10079BCB9 /* ChartParameterViewController.swift in Sources */ = {isa = PBXBuildFile; fileRef = 2F50B71E1D87B7D10079BCB9 /* ChartParameterViewController.swift */; };
		2F50B7211D87B81C0079BCB9 /* ChartParameterViewModel.swift in Sources */ = {isa = PBXBuildFile; fileRef = 2F50B7201D87B81C0079BCB9 /* ChartParameterViewModel.swift */; };
		2F50B7231D87B8340079BCB9 /* ChartParameterWiring.swift in Sources */ = {isa = PBXBuildFile; fileRef = 2F50B7221D87B8340079BCB9 /* ChartParameterWiring.swift */; };
		2F50B7271D87C3440079BCB9 /* PopModalTransitioningDelegate.swift in Sources */ = {isa = PBXBuildFile; fileRef = 2F50B7261D87C3440079BCB9 /* PopModalTransitioningDelegate.swift */; };
		2F56F1381D75493700B5DA7D /* ResponseObjects.swift in Sources */ = {isa = PBXBuildFile; fileRef = 2F56F1371D75493700B5DA7D /* ResponseObjects.swift */; };
		2F5E49F21CE404CE003759AE /* AppDelegate.swift in Sources */ = {isa = PBXBuildFile; fileRef = 2F5E49F11CE404CE003759AE /* AppDelegate.swift */; };
		2F5E49FB1CE404CE003759AE /* Assets.xcassets in Resources */ = {isa = PBXBuildFile; fileRef = 2F5E49FA1CE404CE003759AE /* Assets.xcassets */; };
		2F5E49FE1CE404CE003759AE /* LaunchScreen.storyboard in Resources */ = {isa = PBXBuildFile; fileRef = 2F5E49FC1CE404CE003759AE /* LaunchScreen.storyboard */; };
		2F5E4A091CE404CE003759AE /* SpendingAnalysisTests.swift in Sources */ = {isa = PBXBuildFile; fileRef = 2F5E4A081CE404CE003759AE /* SpendingAnalysisTests.swift */; };
		2F5E4A141CE404CE003759AE /* SpendingAnalysisUITests.swift in Sources */ = {isa = PBXBuildFile; fileRef = 2F5E4A131CE404CE003759AE /* SpendingAnalysisUITests.swift */; };
		2F5E4A231CE4057A003759AE /* MainMenu.storyboard in Resources */ = {isa = PBXBuildFile; fileRef = 2F5E4A221CE4057A003759AE /* MainMenu.storyboard */; };
		2F79C6181D8CAACA00A3BF0D /* ChartParameterView.swift in Sources */ = {isa = PBXBuildFile; fileRef = 2F79C6171D8CAACA00A3BF0D /* ChartParameterView.swift */; };
		2F79C61B1D8CBAA200A3BF0D /* ChartParameters.swift in Sources */ = {isa = PBXBuildFile; fileRef = 2F79C61A1D8CBAA200A3BF0D /* ChartParameters.swift */; };
		2F9DD98B1D7C898E000160D1 /* DataFrame.swift in Sources */ = {isa = PBXBuildFile; fileRef = 2F9DD98A1D7C898E000160D1 /* DataFrame.swift */; };
		2F9DD98D1D7C99EE000160D1 /* Indicies.swift in Sources */ = {isa = PBXBuildFile; fileRef = 2F9DD98C1D7C99EE000160D1 /* Indicies.swift */; };
		2F9DD9901D847345000160D1 /* DataFrame+Charting.swift in Sources */ = {isa = PBXBuildFile; fileRef = 2F9DD98F1D847345000160D1 /* DataFrame+Charting.swift */; };
		2F9E6EDE1D904ABF00B8DEB8 /* NibLoadable.swift in Sources */ = {isa = PBXBuildFile; fileRef = 2F9E6EDD1D904ABF00B8DEB8 /* NibLoadable.swift */; };
		2F9E6EE01D904E9D00B8DEB8 /* ExpandableTableViewCell.swift in Sources */ = {isa = PBXBuildFile; fileRef = 2F9E6EDF1D904E9D00B8DEB8 /* ExpandableTableViewCell.swift */; };
		2F9E6EE31D909D3A00B8DEB8 /* UITableViewCell+Rx.swift in Sources */ = {isa = PBXBuildFile; fileRef = 2F9E6EE21D909D3A00B8DEB8 /* UITableViewCell+Rx.swift */; };
		2FEE8B4F1D45D66600EBE248 /* Reconcile.storyboard in Resources */ = {isa = PBXBuildFile; fileRef = 2FEE8B4E1D45D66600EBE248 /* Reconcile.storyboard */; };
		2FEE8B531D45DA7400EBE248 /* CreateTrackingReportViewController.swift in Sources */ = {isa = PBXBuildFile; fileRef = 2FEE8B521D45DA7400EBE248 /* CreateTrackingReportViewController.swift */; };
		2FEE8B551D45DA9800EBE248 /* CreateTrackingReportWiring.swift in Sources */ = {isa = PBXBuildFile; fileRef = 2FEE8B541D45DA9800EBE248 /* CreateTrackingReportWiring.swift */; };
		2FEE8B571D45DAAA00EBE248 /* CreateTrackingReportViewModel.swift in Sources */ = {isa = PBXBuildFile; fileRef = 2FEE8B561D45DAAA00EBE248 /* CreateTrackingReportViewModel.swift */; };
		2FEE8B5A1D45DB3D00EBE248 /* AppRouting.swift in Sources */ = {isa = PBXBuildFile; fileRef = 2FEE8B591D45DB3D00EBE248 /* AppRouting.swift */; };
		2FEE8B5D1D45DC8900EBE248 /* MainMenuViewController.swift in Sources */ = {isa = PBXBuildFile; fileRef = 2FEE8B5C1D45DC8900EBE248 /* MainMenuViewController.swift */; };
		2FEE8B5F1D45DC9900EBE248 /* MainMenuWiring.swift in Sources */ = {isa = PBXBuildFile; fileRef = 2FEE8B5E1D45DC9900EBE248 /* MainMenuWiring.swift */; };
		2FEE8B611D45DCAA00EBE248 /* MainMenuViewModel.swift in Sources */ = {isa = PBXBuildFile; fileRef = 2FEE8B601D45DCAA00EBE248 /* MainMenuViewModel.swift */; };
		2FFC1A6C1D551A1C003B879D /* TransactionsByTimeViewController.swift in Sources */ = {isa = PBXBuildFile; fileRef = 2FFC1A6B1D551A1C003B879D /* TransactionsByTimeViewController.swift */; };
		2FFC1A6E1D551A2E003B879D /* TransactionsByTimeWiring.swift in Sources */ = {isa = PBXBuildFile; fileRef = 2FFC1A6D1D551A2E003B879D /* TransactionsByTimeWiring.swift */; };
		2FFC1A701D551A58003B879D /* TransactionsByTimeViewModel.swift in Sources */ = {isa = PBXBuildFile; fileRef = 2FFC1A6F1D551A58003B879D /* TransactionsByTimeViewModel.swift */; };
		2FFC1A721D5841E9003B879D /* Analysis.storyboard in Resources */ = {isa = PBXBuildFile; fileRef = 2FFC1A711D5841E9003B879D /* Analysis.storyboard */; };
		2FFC1A741D58489B003B879D /* TransactionsByTimeView.swift in Sources */ = {isa = PBXBuildFile; fileRef = 2FFC1A731D58489B003B879D /* TransactionsByTimeView.swift */; };
		2FFC1A771D584FA6003B879D /* SpendingAnalysisAPI.swift in Sources */ = {isa = PBXBuildFile; fileRef = 2FFC1A761D584FA6003B879D /* SpendingAnalysisAPI.swift */; };
		2FFC1A791D58545C003B879D /* NetworkInterface.swift in Sources */ = {isa = PBXBuildFile; fileRef = 2FFC1A781D58545C003B879D /* NetworkInterface.swift */; };
		3B58F1D4A4DDF78D702CDCC3 /* Pods_SpendingAnalysisTests.framework in Frameworks */ = {isa = PBXBuildFile; fileRef = 741668289B322001920CD419 /* Pods_SpendingAnalysisTests.framework */; };
		487F4FEF108DD785D65121BF /* Pods_SpendingAnalysisUITests.framework in Frameworks */ = {isa = PBXBuildFile; fileRef = 9CD64FE90464888A36FA83F9 /* Pods_SpendingAnalysisUITests.framework */; };
		7C82E24988A8EB4253E66AA4 /* Pods_SpendingAnalysis.framework in Frameworks */ = {isa = PBXBuildFile; fileRef = 2F5C6268A41BC186DF587F12 /* Pods_SpendingAnalysis.framework */; };
/* End PBXBuildFile section */

/* Begin PBXContainerItemProxy section */
		2F5E4A051CE404CE003759AE /* PBXContainerItemProxy */ = {
			isa = PBXContainerItemProxy;
			containerPortal = 2F5E49E61CE404CE003759AE /* Project object */;
			proxyType = 1;
			remoteGlobalIDString = 2F5E49ED1CE404CE003759AE;
			remoteInfo = SpendingAnalysis;
		};
		2F5E4A101CE404CE003759AE /* PBXContainerItemProxy */ = {
			isa = PBXContainerItemProxy;
			containerPortal = 2F5E49E61CE404CE003759AE /* Project object */;
			proxyType = 1;
			remoteGlobalIDString = 2F5E49ED1CE404CE003759AE;
			remoteInfo = SpendingAnalysis;
		};
/* End PBXContainerItemProxy section */

/* Begin PBXFileReference section */
		0E407FE472C09065FB9FF2F1 /* Pods-SpendingAnalysisTests.debug.xcconfig */ = {isa = PBXFileReference; includeInIndex = 1; lastKnownFileType = text.xcconfig; name = "Pods-SpendingAnalysisTests.debug.xcconfig"; path = "Pods/Target Support Files/Pods-SpendingAnalysisTests/Pods-SpendingAnalysisTests.debug.xcconfig"; sourceTree = "<group>"; };
		1D61DC1B048F9CDFD3E5431A /* Pods-SpendingAnalysisUITests.debug.xcconfig */ = {isa = PBXFileReference; includeInIndex = 1; lastKnownFileType = text.xcconfig; name = "Pods-SpendingAnalysisUITests.debug.xcconfig"; path = "Pods/Target Support Files/Pods-SpendingAnalysisUITests/Pods-SpendingAnalysisUITests.debug.xcconfig"; sourceTree = "<group>"; };
		2F103F5A1D8C742E00A579BE /* DateRangeSelectionView.xib */ = {isa = PBXFileReference; fileEncoding = 4; lastKnownFileType = file.xib; path = DateRangeSelectionView.xib; sourceTree = "<group>"; };
		2F103F5D1D8C75C300A579BE /* DateRangeSelectionView.swift */ = {isa = PBXFileReference; fileEncoding = 4; lastKnownFileType = sourcecode.swift; path = DateRangeSelectionView.swift; sourceTree = "<group>"; };
		2F103F5F1D8C767E00A579BE /* ExpandableViewType.swift */ = {isa = PBXFileReference; fileEncoding = 4; lastKnownFileType = sourcecode.swift; path = ExpandableViewType.swift; sourceTree = "<group>"; };
		2F103F611D8C7A4700A579BE /* UIView+Drawing.swift */ = {isa = PBXFileReference; fileEncoding = 4; lastKnownFileType = sourcecode.swift; path = "UIView+Drawing.swift"; sourceTree = "<group>"; };
		2F46BA411D8906BB0007B056 /* PopModalAnimatedTransitioning.swift */ = {isa = PBXFileReference; fileEncoding = 4; lastKnownFileType = sourcecode.swift; path = PopModalAnimatedTransitioning.swift; sourceTree = "<group>"; };
		2F50B71E1D87B7D10079BCB9 /* ChartParameterViewController.swift */ = {isa = PBXFileReference; fileEncoding = 4; lastKnownFileType = sourcecode.swift; path = ChartParameterViewController.swift; sourceTree = "<group>"; };
		2F50B7201D87B81C0079BCB9 /* ChartParameterViewModel.swift */ = {isa = PBXFileReference; fileEncoding = 4; lastKnownFileType = sourcecode.swift; path = ChartParameterViewModel.swift; sourceTree = "<group>"; };
		2F50B7221D87B8340079BCB9 /* ChartParameterWiring.swift */ = {isa = PBXFileReference; fileEncoding = 4; lastKnownFileType = sourcecode.swift; path = ChartParameterWiring.swift; sourceTree = "<group>"; };
		2F50B7261D87C3440079BCB9 /* PopModalTransitioningDelegate.swift */ = {isa = PBXFileReference; fileEncoding = 4; lastKnownFileType = sourcecode.swift; path = PopModalTransitioningDelegate.swift; sourceTree = "<group>"; };
		2F56F1371D75493700B5DA7D /* ResponseObjects.swift */ = {isa = PBXFileReference; fileEncoding = 4; lastKnownFileType = sourcecode.swift; path = ResponseObjects.swift; sourceTree = "<group>"; };
		2F5C6268A41BC186DF587F12 /* Pods_SpendingAnalysis.framework */ = {isa = PBXFileReference; explicitFileType = wrapper.framework; includeInIndex = 0; path = Pods_SpendingAnalysis.framework; sourceTree = BUILT_PRODUCTS_DIR; };
		2F5E49EE1CE404CE003759AE /* SpendingAnalysis.app */ = {isa = PBXFileReference; explicitFileType = wrapper.application; includeInIndex = 0; path = SpendingAnalysis.app; sourceTree = BUILT_PRODUCTS_DIR; };
		2F5E49F11CE404CE003759AE /* AppDelegate.swift */ = {isa = PBXFileReference; lastKnownFileType = sourcecode.swift; path = AppDelegate.swift; sourceTree = "<group>"; };
		2F5E49FA1CE404CE003759AE /* Assets.xcassets */ = {isa = PBXFileReference; lastKnownFileType = folder.assetcatalog; path = Assets.xcassets; sourceTree = "<group>"; };
		2F5E49FD1CE404CE003759AE /* Base */ = {isa = PBXFileReference; lastKnownFileType = file.storyboard; name = Base; path = Base.lproj/LaunchScreen.storyboard; sourceTree = "<group>"; };
		2F5E49FF1CE404CE003759AE /* Info.plist */ = {isa = PBXFileReference; lastKnownFileType = text.plist.xml; path = Info.plist; sourceTree = "<group>"; };
		2F5E4A041CE404CE003759AE /* SpendingAnalysisTests.xctest */ = {isa = PBXFileReference; explicitFileType = wrapper.cfbundle; includeInIndex = 0; path = SpendingAnalysisTests.xctest; sourceTree = BUILT_PRODUCTS_DIR; };
		2F5E4A081CE404CE003759AE /* SpendingAnalysisTests.swift */ = {isa = PBXFileReference; lastKnownFileType = sourcecode.swift; path = SpendingAnalysisTests.swift; sourceTree = "<group>"; };
		2F5E4A0A1CE404CE003759AE /* Info.plist */ = {isa = PBXFileReference; lastKnownFileType = text.plist.xml; path = Info.plist; sourceTree = "<group>"; };
		2F5E4A0F1CE404CE003759AE /* SpendingAnalysisUITests.xctest */ = {isa = PBXFileReference; explicitFileType = wrapper.cfbundle; includeInIndex = 0; path = SpendingAnalysisUITests.xctest; sourceTree = BUILT_PRODUCTS_DIR; };
		2F5E4A131CE404CE003759AE /* SpendingAnalysisUITests.swift */ = {isa = PBXFileReference; lastKnownFileType = sourcecode.swift; path = SpendingAnalysisUITests.swift; sourceTree = "<group>"; };
		2F5E4A151CE404CE003759AE /* Info.plist */ = {isa = PBXFileReference; lastKnownFileType = text.plist.xml; path = Info.plist; sourceTree = "<group>"; };
		2F5E4A221CE4057A003759AE /* MainMenu.storyboard */ = {isa = PBXFileReference; fileEncoding = 4; lastKnownFileType = file.storyboard; path = MainMenu.storyboard; sourceTree = "<group>"; };
		2F79C6171D8CAACA00A3BF0D /* ChartParameterView.swift */ = {isa = PBXFileReference; fileEncoding = 4; lastKnownFileType = sourcecode.swift; path = ChartParameterView.swift; sourceTree = "<group>"; };
		2F79C61A1D8CBAA200A3BF0D /* ChartParameters.swift */ = {isa = PBXFileReference; fileEncoding = 4; lastKnownFileType = sourcecode.swift; path = ChartParameters.swift; sourceTree = "<group>"; };
		2F9DD98A1D7C898E000160D1 /* DataFrame.swift */ = {isa = PBXFileReference; fileEncoding = 4; lastKnownFileType = sourcecode.swift; path = DataFrame.swift; sourceTree = "<group>"; };
		2F9DD98C1D7C99EE000160D1 /* Indicies.swift */ = {isa = PBXFileReference; fileEncoding = 4; lastKnownFileType = sourcecode.swift; path = Indicies.swift; sourceTree = "<group>"; };
		2F9DD98F1D847345000160D1 /* DataFrame+Charting.swift */ = {isa = PBXFileReference; fileEncoding = 4; lastKnownFileType = sourcecode.swift; path = "DataFrame+Charting.swift"; sourceTree = "<group>"; };
		2F9E6EDD1D904ABF00B8DEB8 /* NibLoadable.swift */ = {isa = PBXFileReference; fileEncoding = 4; lastKnownFileType = sourcecode.swift; path = NibLoadable.swift; sourceTree = "<group>"; };
		2F9E6EDF1D904E9D00B8DEB8 /* ExpandableTableViewCell.swift */ = {isa = PBXFileReference; fileEncoding = 4; lastKnownFileType = sourcecode.swift; path = ExpandableTableViewCell.swift; sourceTree = "<group>"; };
		2F9E6EE21D909D3A00B8DEB8 /* UITableViewCell+Rx.swift */ = {isa = PBXFileReference; fileEncoding = 4; lastKnownFileType = sourcecode.swift; path = "UITableViewCell+Rx.swift"; sourceTree = "<group>"; };
		2FEE8B4E1D45D66600EBE248 /* Reconcile.storyboard */ = {isa = PBXFileReference; fileEncoding = 4; lastKnownFileType = file.storyboard; path = Reconcile.storyboard; sourceTree = "<group>"; };
		2FEE8B521D45DA7400EBE248 /* CreateTrackingReportViewController.swift */ = {isa = PBXFileReference; fileEncoding = 4; lastKnownFileType = sourcecode.swift; path = CreateTrackingReportViewController.swift; sourceTree = "<group>"; };
		2FEE8B541D45DA9800EBE248 /* CreateTrackingReportWiring.swift */ = {isa = PBXFileReference; fileEncoding = 4; lastKnownFileType = sourcecode.swift; path = CreateTrackingReportWiring.swift; sourceTree = "<group>"; };
		2FEE8B561D45DAAA00EBE248 /* CreateTrackingReportViewModel.swift */ = {isa = PBXFileReference; fileEncoding = 4; lastKnownFileType = sourcecode.swift; path = CreateTrackingReportViewModel.swift; sourceTree = "<group>"; };
		2FEE8B591D45DB3D00EBE248 /* AppRouting.swift */ = {isa = PBXFileReference; fileEncoding = 4; lastKnownFileType = sourcecode.swift; path = AppRouting.swift; sourceTree = "<group>"; };
		2FEE8B5C1D45DC8900EBE248 /* MainMenuViewController.swift */ = {isa = PBXFileReference; fileEncoding = 4; lastKnownFileType = sourcecode.swift; path = MainMenuViewController.swift; sourceTree = "<group>"; };
		2FEE8B5E1D45DC9900EBE248 /* MainMenuWiring.swift */ = {isa = PBXFileReference; fileEncoding = 4; lastKnownFileType = sourcecode.swift; path = MainMenuWiring.swift; sourceTree = "<group>"; };
		2FEE8B601D45DCAA00EBE248 /* MainMenuViewModel.swift */ = {isa = PBXFileReference; fileEncoding = 4; lastKnownFileType = sourcecode.swift; path = MainMenuViewModel.swift; sourceTree = "<group>"; };
		2FFC1A6B1D551A1C003B879D /* TransactionsByTimeViewController.swift */ = {isa = PBXFileReference; fileEncoding = 4; lastKnownFileType = sourcecode.swift; path = TransactionsByTimeViewController.swift; sourceTree = "<group>"; };
		2FFC1A6D1D551A2E003B879D /* TransactionsByTimeWiring.swift */ = {isa = PBXFileReference; fileEncoding = 4; lastKnownFileType = sourcecode.swift; path = TransactionsByTimeWiring.swift; sourceTree = "<group>"; };
		2FFC1A6F1D551A58003B879D /* TransactionsByTimeViewModel.swift */ = {isa = PBXFileReference; fileEncoding = 4; lastKnownFileType = sourcecode.swift; path = TransactionsByTimeViewModel.swift; sourceTree = "<group>"; };
		2FFC1A711D5841E9003B879D /* Analysis.storyboard */ = {isa = PBXFileReference; fileEncoding = 4; lastKnownFileType = file.storyboard; path = Analysis.storyboard; sourceTree = "<group>"; };
		2FFC1A731D58489B003B879D /* TransactionsByTimeView.swift */ = {isa = PBXFileReference; fileEncoding = 4; lastKnownFileType = sourcecode.swift; path = TransactionsByTimeView.swift; sourceTree = "<group>"; };
		2FFC1A761D584FA6003B879D /* SpendingAnalysisAPI.swift */ = {isa = PBXFileReference; fileEncoding = 4; lastKnownFileType = sourcecode.swift; path = SpendingAnalysisAPI.swift; sourceTree = "<group>"; };
		2FFC1A781D58545C003B879D /* NetworkInterface.swift */ = {isa = PBXFileReference; fileEncoding = 4; lastKnownFileType = sourcecode.swift; path = NetworkInterface.swift; sourceTree = "<group>"; };
		51D8DD2B0FFC03CD992C9067 /* Pods-SpendingAnalysis.release.xcconfig */ = {isa = PBXFileReference; includeInIndex = 1; lastKnownFileType = text.xcconfig; name = "Pods-SpendingAnalysis.release.xcconfig"; path = "Pods/Target Support Files/Pods-SpendingAnalysis/Pods-SpendingAnalysis.release.xcconfig"; sourceTree = "<group>"; };
		52F378DE8D53F607EF60AEFB /* Pods-SpendingAnalysisUITests.release.xcconfig */ = {isa = PBXFileReference; includeInIndex = 1; lastKnownFileType = text.xcconfig; name = "Pods-SpendingAnalysisUITests.release.xcconfig"; path = "Pods/Target Support Files/Pods-SpendingAnalysisUITests/Pods-SpendingAnalysisUITests.release.xcconfig"; sourceTree = "<group>"; };
		741668289B322001920CD419 /* Pods_SpendingAnalysisTests.framework */ = {isa = PBXFileReference; explicitFileType = wrapper.framework; includeInIndex = 0; path = Pods_SpendingAnalysisTests.framework; sourceTree = BUILT_PRODUCTS_DIR; };
		9CD64FE90464888A36FA83F9 /* Pods_SpendingAnalysisUITests.framework */ = {isa = PBXFileReference; explicitFileType = wrapper.framework; includeInIndex = 0; path = Pods_SpendingAnalysisUITests.framework; sourceTree = BUILT_PRODUCTS_DIR; };
		C9EC790D364A35D6F2D9C57F /* Pods-SpendingAnalysis.debug.xcconfig */ = {isa = PBXFileReference; includeInIndex = 1; lastKnownFileType = text.xcconfig; name = "Pods-SpendingAnalysis.debug.xcconfig"; path = "Pods/Target Support Files/Pods-SpendingAnalysis/Pods-SpendingAnalysis.debug.xcconfig"; sourceTree = "<group>"; };
		E4B2AE54A5DF7C5837030033 /* Pods-SpendingAnalysisTests.release.xcconfig */ = {isa = PBXFileReference; includeInIndex = 1; lastKnownFileType = text.xcconfig; name = "Pods-SpendingAnalysisTests.release.xcconfig"; path = "Pods/Target Support Files/Pods-SpendingAnalysisTests/Pods-SpendingAnalysisTests.release.xcconfig"; sourceTree = "<group>"; };
/* End PBXFileReference section */

/* Begin PBXFrameworksBuildPhase section */
		2F5E49EB1CE404CE003759AE /* Frameworks */ = {
			isa = PBXFrameworksBuildPhase;
			buildActionMask = 2147483647;
			files = (
				7C82E24988A8EB4253E66AA4 /* Pods_SpendingAnalysis.framework in Frameworks */,
			);
			runOnlyForDeploymentPostprocessing = 0;
		};
		2F5E4A011CE404CE003759AE /* Frameworks */ = {
			isa = PBXFrameworksBuildPhase;
			buildActionMask = 2147483647;
			files = (
				3B58F1D4A4DDF78D702CDCC3 /* Pods_SpendingAnalysisTests.framework in Frameworks */,
			);
			runOnlyForDeploymentPostprocessing = 0;
		};
		2F5E4A0C1CE404CE003759AE /* Frameworks */ = {
			isa = PBXFrameworksBuildPhase;
			buildActionMask = 2147483647;
			files = (
				487F4FEF108DD785D65121BF /* Pods_SpendingAnalysisUITests.framework in Frameworks */,
			);
			runOnlyForDeploymentPostprocessing = 0;
		};
/* End PBXFrameworksBuildPhase section */

/* Begin PBXGroup section */
		2F103F5C1D8C758D00A579BE /* Views */ = {
			isa = PBXGroup;
			children = (
				2F9E6EDC1D90475400B8DEB8 /* Cells */,
				2F103F5D1D8C75C300A579BE /* DateRangeSelectionView.swift */,
				2F103F5F1D8C767E00A579BE /* ExpandableViewType.swift */,
				2F103F611D8C7A4700A579BE /* UIView+Drawing.swift */,
			);
			path = Views;
			sourceTree = "<group>";
		};
		2F50B71D1D87B7300079BCB9 /* ChartParameters */ = {
			isa = PBXGroup;
			children = (
				2F50B71E1D87B7D10079BCB9 /* ChartParameterViewController.swift */,
				2F50B7201D87B81C0079BCB9 /* ChartParameterViewModel.swift */,
				2F50B7221D87B8340079BCB9 /* ChartParameterWiring.swift */,
				2F79C6171D8CAACA00A3BF0D /* ChartParameterView.swift */,
			);
			path = ChartParameters;
			sourceTree = "<group>";
		};
		2F50B7241D87C2E20079BCB9 /* UI */ = {
			isa = PBXGroup;
			children = (
				2F9E6EE11D909D1900B8DEB8 /* RxExtensions */,
				2F103F5C1D8C758D00A579BE /* Views */,
				2F50B7251D87C3080079BCB9 /* Transitions */,
				2F9E6EDD1D904ABF00B8DEB8 /* NibLoadable.swift */,
			);
			path = UI;
			sourceTree = "<group>";
		};
		2F50B7251D87C3080079BCB9 /* Transitions */ = {
			isa = PBXGroup;
			children = (
				2F50B7261D87C3440079BCB9 /* PopModalTransitioningDelegate.swift */,
				2F46BA411D8906BB0007B056 /* PopModalAnimatedTransitioning.swift */,
			);
			path = Transitions;
			sourceTree = "<group>";
		};
		2F5E49E51CE404CE003759AE = {
			isa = PBXGroup;
			children = (
				2F5E49F01CE404CE003759AE /* SpendingAnalysis */,
				2F5E4A071CE404CE003759AE /* SpendingAnalysisTests */,
				2F5E4A121CE404CE003759AE /* SpendingAnalysisUITests */,
				2F5E49EF1CE404CE003759AE /* Products */,
				8241F70342158BF310CC10C2 /* Pods */,
				3AD3171F1113D5150E073D92 /* Frameworks */,
			);
			sourceTree = "<group>";
		};
		2F5E49EF1CE404CE003759AE /* Products */ = {
			isa = PBXGroup;
			children = (
				2F5E49EE1CE404CE003759AE /* SpendingAnalysis.app */,
				2F5E4A041CE404CE003759AE /* SpendingAnalysisTests.xctest */,
				2F5E4A0F1CE404CE003759AE /* SpendingAnalysisUITests.xctest */,
			);
			name = Products;
			sourceTree = "<group>";
		};
		2F5E49F01CE404CE003759AE /* SpendingAnalysis */ = {
			isa = PBXGroup;
			children = (
				2F9DD98E1D847302000160D1 /* Helpers */,
				2F9DD9891D7C895E000160D1 /* Models */,
				2FFC1A751D584CC4003B879D /* API */,
				2FEE8B581D45DB1A00EBE248 /* Routing */,
				2FEE8B501D45DA1B00EBE248 /* Scenes */,
				2F5E4A211CE40554003759AE /* UI */,
				2F5E49F11CE404CE003759AE /* AppDelegate.swift */,
				2F5E49FA1CE404CE003759AE /* Assets.xcassets */,
				2F5E49FC1CE404CE003759AE /* LaunchScreen.storyboard */,
				2F5E49FF1CE404CE003759AE /* Info.plist */,
			);
			path = SpendingAnalysis;
			sourceTree = "<group>";
		};
		2F5E4A071CE404CE003759AE /* SpendingAnalysisTests */ = {
			isa = PBXGroup;
			children = (
				2F5E4A081CE404CE003759AE /* SpendingAnalysisTests.swift */,
				2F5E4A0A1CE404CE003759AE /* Info.plist */,
			);
			path = SpendingAnalysisTests;
			sourceTree = "<group>";
		};
		2F5E4A121CE404CE003759AE /* SpendingAnalysisUITests */ = {
			isa = PBXGroup;
			children = (
				2F5E4A131CE404CE003759AE /* SpendingAnalysisUITests.swift */,
				2F5E4A151CE404CE003759AE /* Info.plist */,
			);
			path = SpendingAnalysisUITests;
			sourceTree = "<group>";
		};
		2F5E4A211CE40554003759AE /* UI */ = {
			isa = PBXGroup;
			children = (
				2F5E4A221CE4057A003759AE /* MainMenu.storyboard */,
				2FEE8B4E1D45D66600EBE248 /* Reconcile.storyboard */,
				2FFC1A711D5841E9003B879D /* Analysis.storyboard */,
				2F103F5A1D8C742E00A579BE /* DateRangeSelectionView.xib */,
			);
			path = UI;
			sourceTree = "<group>";
		};
		2F9DD9891D7C895E000160D1 /* Models */ = {
			isa = PBXGroup;
			children = (
				2F9DD98A1D7C898E000160D1 /* DataFrame.swift */,
				2F9DD98C1D7C99EE000160D1 /* Indicies.swift */,
				2F79C61A1D8CBAA200A3BF0D /* ChartParameters.swift */,
			);
			path = Models;
			sourceTree = "<group>";
		};
		2F9DD98E1D847302000160D1 /* Helpers */ = {
			isa = PBXGroup;
			children = (
				2F50B7241D87C2E20079BCB9 /* UI */,
				2F9DD98F1D847345000160D1 /* DataFrame+Charting.swift */,
			);
			path = Helpers;
			sourceTree = "<group>";
		};
		2F9E6EDC1D90475400B8DEB8 /* Cells */ = {
			isa = PBXGroup;
			children = (
				2F9E6EDF1D904E9D00B8DEB8 /* ExpandableTableViewCell.swift */,
			);
			path = Cells;
			sourceTree = "<group>";
		};
		2F9E6EE11D909D1900B8DEB8 /* RxExtensions */ = {
			isa = PBXGroup;
			children = (
				2F9E6EE21D909D3A00B8DEB8 /* UITableViewCell+Rx.swift */,
			);
			path = RxExtensions;
			sourceTree = "<group>";
		};
		2FEE8B501D45DA1B00EBE248 /* Scenes */ = {
			isa = PBXGroup;
			children = (
				2F50B71D1D87B7300079BCB9 /* ChartParameters */,
				2FFC1A6A1D5519C7003B879D /* TransactionsByTime */,
				2FEE8B5B1D45DC5D00EBE248 /* MainMenu */,
				2FEE8B511D45DA3900EBE248 /* CreateTrackingReport */,
			);
			path = Scenes;
			sourceTree = "<group>";
		};
		2FEE8B511D45DA3900EBE248 /* CreateTrackingReport */ = {
			isa = PBXGroup;
			children = (
				2FEE8B521D45DA7400EBE248 /* CreateTrackingReportViewController.swift */,
				2FEE8B541D45DA9800EBE248 /* CreateTrackingReportWiring.swift */,
				2FEE8B561D45DAAA00EBE248 /* CreateTrackingReportViewModel.swift */,
			);
			path = CreateTrackingReport;
			sourceTree = "<group>";
		};
		2FEE8B581D45DB1A00EBE248 /* Routing */ = {
			isa = PBXGroup;
			children = (
				2FEE8B591D45DB3D00EBE248 /* AppRouting.swift */,
			);
			path = Routing;
			sourceTree = "<group>";
		};
		2FEE8B5B1D45DC5D00EBE248 /* MainMenu */ = {
			isa = PBXGroup;
			children = (
				2FEE8B5C1D45DC8900EBE248 /* MainMenuViewController.swift */,
				2FEE8B5E1D45DC9900EBE248 /* MainMenuWiring.swift */,
				2FEE8B601D45DCAA00EBE248 /* MainMenuViewModel.swift */,
			);
			path = MainMenu;
			sourceTree = "<group>";
		};
		2FFC1A6A1D5519C7003B879D /* TransactionsByTime */ = {
			isa = PBXGroup;
			children = (
				2FFC1A6B1D551A1C003B879D /* TransactionsByTimeViewController.swift */,
				2FFC1A6D1D551A2E003B879D /* TransactionsByTimeWiring.swift */,
				2FFC1A6F1D551A58003B879D /* TransactionsByTimeViewModel.swift */,
				2FFC1A731D58489B003B879D /* TransactionsByTimeView.swift */,
			);
			path = TransactionsByTime;
			sourceTree = "<group>";
		};
		2FFC1A751D584CC4003B879D /* API */ = {
			isa = PBXGroup;
			children = (
				2FFC1A761D584FA6003B879D /* SpendingAnalysisAPI.swift */,
				2FFC1A781D58545C003B879D /* NetworkInterface.swift */,
				2F56F1371D75493700B5DA7D /* ResponseObjects.swift */,
			);
			path = API;
			sourceTree = "<group>";
		};
		3AD3171F1113D5150E073D92 /* Frameworks */ = {
			isa = PBXGroup;
			children = (
				2F5C6268A41BC186DF587F12 /* Pods_SpendingAnalysis.framework */,
				741668289B322001920CD419 /* Pods_SpendingAnalysisTests.framework */,
				9CD64FE90464888A36FA83F9 /* Pods_SpendingAnalysisUITests.framework */,
			);
			name = Frameworks;
			sourceTree = "<group>";
		};
		8241F70342158BF310CC10C2 /* Pods */ = {
			isa = PBXGroup;
			children = (
				C9EC790D364A35D6F2D9C57F /* Pods-SpendingAnalysis.debug.xcconfig */,
				51D8DD2B0FFC03CD992C9067 /* Pods-SpendingAnalysis.release.xcconfig */,
				0E407FE472C09065FB9FF2F1 /* Pods-SpendingAnalysisTests.debug.xcconfig */,
				E4B2AE54A5DF7C5837030033 /* Pods-SpendingAnalysisTests.release.xcconfig */,
				1D61DC1B048F9CDFD3E5431A /* Pods-SpendingAnalysisUITests.debug.xcconfig */,
				52F378DE8D53F607EF60AEFB /* Pods-SpendingAnalysisUITests.release.xcconfig */,
			);
			name = Pods;
			sourceTree = "<group>";
		};
/* End PBXGroup section */

/* Begin PBXNativeTarget section */
		2F5E49ED1CE404CE003759AE /* SpendingAnalysis */ = {
			isa = PBXNativeTarget;
			buildConfigurationList = 2F5E4A181CE404CE003759AE /* Build configuration list for PBXNativeTarget "SpendingAnalysis" */;
			buildPhases = (
				91327A5D5DC8F253BD870347 /* [CP] Check Pods Manifest.lock */,
				E36898BE3412E7C0F263647C /* [CP] Check Pods Manifest.lock */,
				2F5E49EA1CE404CE003759AE /* Sources */,
				2F5E49EB1CE404CE003759AE /* Frameworks */,
				2F5E49EC1CE404CE003759AE /* Resources */,
				3E21BB6AB44E0D7D8A885BFE /* [CP] Embed Pods Frameworks */,
				79790DE3A34679BBF897A420 /* [CP] Copy Pods Resources */,
				F1789AA28FCE255167D8A7E6 /* 📦 Embed Pods Frameworks */,
				E8E0844EC6194DB2810DC110 /* 📦 Copy Pods Resources */,
			);
			buildRules = (
			);
			dependencies = (
			);
			name = SpendingAnalysis;
			productName = SpendingAnalysis;
			productReference = 2F5E49EE1CE404CE003759AE /* SpendingAnalysis.app */;
			productType = "com.apple.product-type.application";
		};
		2F5E4A031CE404CE003759AE /* SpendingAnalysisTests */ = {
			isa = PBXNativeTarget;
			buildConfigurationList = 2F5E4A1B1CE404CE003759AE /* Build configuration list for PBXNativeTarget "SpendingAnalysisTests" */;
			buildPhases = (
				64F3798781A0980E71C664B0 /* [CP] Check Pods Manifest.lock */,
				5406B9A5644B448BD5DA919E /* [CP] Check Pods Manifest.lock */,
				2F5E4A001CE404CE003759AE /* Sources */,
				2F5E4A011CE404CE003759AE /* Frameworks */,
				2F5E4A021CE404CE003759AE /* Resources */,
				6E973326DCC61FD14B456DA3 /* [CP] Embed Pods Frameworks */,
				591DF8D51B8FDE8DE420CCF9 /* [CP] Copy Pods Resources */,
				299D5555CF26359BC35BEE17 /* 📦 Embed Pods Frameworks */,
				A3F5C80A75E7ED1EDCE5CB7E /* 📦 Copy Pods Resources */,
			);
			buildRules = (
			);
			dependencies = (
				2F5E4A061CE404CE003759AE /* PBXTargetDependency */,
			);
			name = SpendingAnalysisTests;
			productName = SpendingAnalysisTests;
			productReference = 2F5E4A041CE404CE003759AE /* SpendingAnalysisTests.xctest */;
			productType = "com.apple.product-type.bundle.unit-test";
		};
		2F5E4A0E1CE404CE003759AE /* SpendingAnalysisUITests */ = {
			isa = PBXNativeTarget;
			buildConfigurationList = 2F5E4A1E1CE404CE003759AE /* Build configuration list for PBXNativeTarget "SpendingAnalysisUITests" */;
			buildPhases = (
				144AC634BFBCBC8B311A004F /* [CP] Check Pods Manifest.lock */,
				CCE081307810A2401C27174A /* [CP] Check Pods Manifest.lock */,
				2F5E4A0B1CE404CE003759AE /* Sources */,
				2F5E4A0C1CE404CE003759AE /* Frameworks */,
				2F5E4A0D1CE404CE003759AE /* Resources */,
				C62D8373CA625E9ADB9D483C /* [CP] Copy Pods Resources */,
				FD09997F63F97547BD7578C7 /* 📦 Copy Pods Resources */,
			);
			buildRules = (
			);
			dependencies = (
				2F5E4A111CE404CE003759AE /* PBXTargetDependency */,
			);
			name = SpendingAnalysisUITests;
			productName = SpendingAnalysisUITests;
			productReference = 2F5E4A0F1CE404CE003759AE /* SpendingAnalysisUITests.xctest */;
			productType = "com.apple.product-type.bundle.ui-testing";
		};
/* End PBXNativeTarget section */

/* Begin PBXProject section */
		2F5E49E61CE404CE003759AE /* Project object */ = {
			isa = PBXProject;
			attributes = {
				LastSwiftUpdateCheck = 0730;
				LastUpgradeCheck = 0800;
				ORGANIZATIONNAME = "13bit consulting";
				TargetAttributes = {
					2F5E49ED1CE404CE003759AE = {
						CreatedOnToolsVersion = 7.3.1;
						DevelopmentTeam = NQS38S6PZY;
						LastSwiftMigration = 0800;
					};
					2F5E4A031CE404CE003759AE = {
						CreatedOnToolsVersion = 7.3.1;
						DevelopmentTeam = NQS38S6PZY;
						LastSwiftMigration = 0800;
						TestTargetID = 2F5E49ED1CE404CE003759AE;
					};
					2F5E4A0E1CE404CE003759AE = {
						CreatedOnToolsVersion = 7.3.1;
						DevelopmentTeam = NQS38S6PZY;
						LastSwiftMigration = 0800;
						TestTargetID = 2F5E49ED1CE404CE003759AE;
					};
				};
			};
			buildConfigurationList = 2F5E49E91CE404CE003759AE /* Build configuration list for PBXProject "SpendingAnalysis" */;
			compatibilityVersion = "Xcode 3.2";
			developmentRegion = English;
			hasScannedForEncodings = 0;
			knownRegions = (
				en,
				Base,
			);
			mainGroup = 2F5E49E51CE404CE003759AE;
			productRefGroup = 2F5E49EF1CE404CE003759AE /* Products */;
			projectDirPath = "";
			projectRoot = "";
			targets = (
				2F5E49ED1CE404CE003759AE /* SpendingAnalysis */,
				2F5E4A031CE404CE003759AE /* SpendingAnalysisTests */,
				2F5E4A0E1CE404CE003759AE /* SpendingAnalysisUITests */,
			);
		};
/* End PBXProject section */

/* Begin PBXResourcesBuildPhase section */
		2F5E49EC1CE404CE003759AE /* Resources */ = {
			isa = PBXResourcesBuildPhase;
			buildActionMask = 2147483647;
			files = (
				2F5E4A231CE4057A003759AE /* MainMenu.storyboard in Resources */,
				2FFC1A721D5841E9003B879D /* Analysis.storyboard in Resources */,
				2F5E49FE1CE404CE003759AE /* LaunchScreen.storyboard in Resources */,
				2F103F5B1D8C742E00A579BE /* DateRangeSelectionView.xib in Resources */,
				2F5E49FB1CE404CE003759AE /* Assets.xcassets in Resources */,
				2FEE8B4F1D45D66600EBE248 /* Reconcile.storyboard in Resources */,
			);
			runOnlyForDeploymentPostprocessing = 0;
		};
		2F5E4A021CE404CE003759AE /* Resources */ = {
			isa = PBXResourcesBuildPhase;
			buildActionMask = 2147483647;
			files = (
			);
			runOnlyForDeploymentPostprocessing = 0;
		};
		2F5E4A0D1CE404CE003759AE /* Resources */ = {
			isa = PBXResourcesBuildPhase;
			buildActionMask = 2147483647;
			files = (
			);
			runOnlyForDeploymentPostprocessing = 0;
		};
/* End PBXResourcesBuildPhase section */

/* Begin PBXShellScriptBuildPhase section */
		144AC634BFBCBC8B311A004F /* [CP] Check Pods Manifest.lock */ = {
			isa = PBXShellScriptBuildPhase;
			buildActionMask = 2147483647;
			files = (
			);
			inputPaths = (
			);
			name = "[CP] Check Pods Manifest.lock";
			outputPaths = (
			);
			runOnlyForDeploymentPostprocessing = 0;
			shellPath = /bin/sh;
			shellScript = "diff \"${PODS_ROOT}/../Podfile.lock\" \"${PODS_ROOT}/Manifest.lock\" > /dev/null\nif [[ $? != 0 ]] ; then\n    cat << EOM\nerror: The sandbox is not in sync with the Podfile.lock. Run 'pod install' or update your CocoaPods installation.\nEOM\n    exit 1\nfi\n";
			showEnvVarsInLog = 0;
		};
		299D5555CF26359BC35BEE17 /* 📦 Embed Pods Frameworks */ = {
			isa = PBXShellScriptBuildPhase;
			buildActionMask = 2147483647;
			files = (
			);
			inputPaths = (
			);
			name = "📦 Embed Pods Frameworks";
			outputPaths = (
			);
			runOnlyForDeploymentPostprocessing = 0;
			shellPath = /bin/sh;
			shellScript = "\"${SRCROOT}/Pods/Target Support Files/Pods-SpendingAnalysisTests/Pods-SpendingAnalysisTests-frameworks.sh\"\n";
			showEnvVarsInLog = 0;
		};
		3E21BB6AB44E0D7D8A885BFE /* [CP] Embed Pods Frameworks */ = {
			isa = PBXShellScriptBuildPhase;
			buildActionMask = 2147483647;
			files = (
			);
			inputPaths = (
			);
			name = "[CP] Embed Pods Frameworks";
			outputPaths = (
			);
			runOnlyForDeploymentPostprocessing = 0;
			shellPath = /bin/sh;
			shellScript = "\"${SRCROOT}/Pods/Target Support Files/Pods-SpendingAnalysis/Pods-SpendingAnalysis-frameworks.sh\"\n";
			showEnvVarsInLog = 0;
		};
		5406B9A5644B448BD5DA919E /* [CP] Check Pods Manifest.lock */ = {
			isa = PBXShellScriptBuildPhase;
			buildActionMask = 2147483647;
			files = (
			);
			inputPaths = (
			);
			name = "[CP] Check Pods Manifest.lock";
			outputPaths = (
			);
			runOnlyForDeploymentPostprocessing = 0;
			shellPath = /bin/sh;
			shellScript = "diff \"${PODS_ROOT}/../Podfile.lock\" \"${PODS_ROOT}/Manifest.lock\" > /dev/null\nif [[ $? != 0 ]] ; then\n    cat << EOM\nerror: The sandbox is not in sync with the Podfile.lock. Run 'pod install' or update your CocoaPods installation.\nEOM\n    exit 1\nfi\n";
			showEnvVarsInLog = 0;
		};
		591DF8D51B8FDE8DE420CCF9 /* [CP] Copy Pods Resources */ = {
			isa = PBXShellScriptBuildPhase;
			buildActionMask = 2147483647;
			files = (
			);
			inputPaths = (
			);
			name = "[CP] Copy Pods Resources";
			outputPaths = (
			);
			runOnlyForDeploymentPostprocessing = 0;
			shellPath = /bin/sh;
			shellScript = "\"${SRCROOT}/Pods/Target Support Files/Pods-SpendingAnalysisTests/Pods-SpendingAnalysisTests-resources.sh\"\n";
			showEnvVarsInLog = 0;
		};
		64F3798781A0980E71C664B0 /* [CP] Check Pods Manifest.lock */ = {
			isa = PBXShellScriptBuildPhase;
			buildActionMask = 2147483647;
			files = (
			);
			inputPaths = (
			);
			name = "[CP] Check Pods Manifest.lock";
			outputPaths = (
			);
			runOnlyForDeploymentPostprocessing = 0;
			shellPath = /bin/sh;
			shellScript = "diff \"${PODS_ROOT}/../Podfile.lock\" \"${PODS_ROOT}/Manifest.lock\" > /dev/null\nif [[ $? != 0 ]] ; then\n    cat << EOM\nerror: The sandbox is not in sync with the Podfile.lock. Run 'pod install' or update your CocoaPods installation.\nEOM\n    exit 1\nfi\n";
			showEnvVarsInLog = 0;
		};
		6E973326DCC61FD14B456DA3 /* [CP] Embed Pods Frameworks */ = {
			isa = PBXShellScriptBuildPhase;
			buildActionMask = 2147483647;
			files = (
			);
			inputPaths = (
			);
			name = "[CP] Embed Pods Frameworks";
			outputPaths = (
			);
			runOnlyForDeploymentPostprocessing = 0;
			shellPath = /bin/sh;
			shellScript = "\"${SRCROOT}/Pods/Target Support Files/Pods-SpendingAnalysisTests/Pods-SpendingAnalysisTests-frameworks.sh\"\n";
			showEnvVarsInLog = 0;
		};
		79790DE3A34679BBF897A420 /* [CP] Copy Pods Resources */ = {
			isa = PBXShellScriptBuildPhase;
			buildActionMask = 2147483647;
			files = (
			);
			inputPaths = (
			);
			name = "[CP] Copy Pods Resources";
			outputPaths = (
			);
			runOnlyForDeploymentPostprocessing = 0;
			shellPath = /bin/sh;
			shellScript = "\"${SRCROOT}/Pods/Target Support Files/Pods-SpendingAnalysis/Pods-SpendingAnalysis-resources.sh\"\n";
			showEnvVarsInLog = 0;
		};
		91327A5D5DC8F253BD870347 /* [CP] Check Pods Manifest.lock */ = {
			isa = PBXShellScriptBuildPhase;
			buildActionMask = 2147483647;
			files = (
			);
			inputPaths = (
			);
			name = "[CP] Check Pods Manifest.lock";
			outputPaths = (
			);
			runOnlyForDeploymentPostprocessing = 0;
			shellPath = /bin/sh;
			shellScript = "diff \"${PODS_ROOT}/../Podfile.lock\" \"${PODS_ROOT}/Manifest.lock\" > /dev/null\nif [[ $? != 0 ]] ; then\n    cat << EOM\nerror: The sandbox is not in sync with the Podfile.lock. Run 'pod install' or update your CocoaPods installation.\nEOM\n    exit 1\nfi\n";
			showEnvVarsInLog = 0;
		};
		A3F5C80A75E7ED1EDCE5CB7E /* 📦 Copy Pods Resources */ = {
			isa = PBXShellScriptBuildPhase;
			buildActionMask = 2147483647;
			files = (
			);
			inputPaths = (
			);
			name = "📦 Copy Pods Resources";
			outputPaths = (
			);
			runOnlyForDeploymentPostprocessing = 0;
			shellPath = /bin/sh;
			shellScript = "\"${SRCROOT}/Pods/Target Support Files/Pods-SpendingAnalysisTests/Pods-SpendingAnalysisTests-resources.sh\"\n";
			showEnvVarsInLog = 0;
		};
		C62D8373CA625E9ADB9D483C /* [CP] Copy Pods Resources */ = {
			isa = PBXShellScriptBuildPhase;
			buildActionMask = 2147483647;
			files = (
			);
			inputPaths = (
			);
			name = "[CP] Copy Pods Resources";
			outputPaths = (
			);
			runOnlyForDeploymentPostprocessing = 0;
			shellPath = /bin/sh;
			shellScript = "\"${SRCROOT}/Pods/Target Support Files/Pods-SpendingAnalysisUITests/Pods-SpendingAnalysisUITests-resources.sh\"\n";
			showEnvVarsInLog = 0;
		};
		CCE081307810A2401C27174A /* [CP] Check Pods Manifest.lock */ = {
			isa = PBXShellScriptBuildPhase;
			buildActionMask = 2147483647;
			files = (
			);
			inputPaths = (
			);
			name = "[CP] Check Pods Manifest.lock";
			outputPaths = (
			);
			runOnlyForDeploymentPostprocessing = 0;
			shellPath = /bin/sh;
			shellScript = "diff \"${PODS_ROOT}/../Podfile.lock\" \"${PODS_ROOT}/Manifest.lock\" > /dev/null\nif [[ $? != 0 ]] ; then\n    cat << EOM\nerror: The sandbox is not in sync with the Podfile.lock. Run 'pod install' or update your CocoaPods installation.\nEOM\n    exit 1\nfi\n";
			showEnvVarsInLog = 0;
		};
		E36898BE3412E7C0F263647C /* [CP] Check Pods Manifest.lock */ = {
			isa = PBXShellScriptBuildPhase;
			buildActionMask = 2147483647;
			files = (
			);
			inputPaths = (
			);
			name = "[CP] Check Pods Manifest.lock";
			outputPaths = (
			);
			runOnlyForDeploymentPostprocessing = 0;
			shellPath = /bin/sh;
			shellScript = "diff \"${PODS_ROOT}/../Podfile.lock\" \"${PODS_ROOT}/Manifest.lock\" > /dev/null\nif [[ $? != 0 ]] ; then\n    cat << EOM\nerror: The sandbox is not in sync with the Podfile.lock. Run 'pod install' or update your CocoaPods installation.\nEOM\n    exit 1\nfi\n";
			showEnvVarsInLog = 0;
		};
		E8E0844EC6194DB2810DC110 /* 📦 Copy Pods Resources */ = {
			isa = PBXShellScriptBuildPhase;
			buildActionMask = 2147483647;
			files = (
			);
			inputPaths = (
			);
			name = "📦 Copy Pods Resources";
			outputPaths = (
			);
			runOnlyForDeploymentPostprocessing = 0;
			shellPath = /bin/sh;
			shellScript = "\"${SRCROOT}/Pods/Target Support Files/Pods-SpendingAnalysis/Pods-SpendingAnalysis-resources.sh\"\n";
			showEnvVarsInLog = 0;
		};
		F1789AA28FCE255167D8A7E6 /* 📦 Embed Pods Frameworks */ = {
			isa = PBXShellScriptBuildPhase;
			buildActionMask = 2147483647;
			files = (
			);
			inputPaths = (
			);
			name = "📦 Embed Pods Frameworks";
			outputPaths = (
			);
			runOnlyForDeploymentPostprocessing = 0;
			shellPath = /bin/sh;
			shellScript = "\"${SRCROOT}/Pods/Target Support Files/Pods-SpendingAnalysis/Pods-SpendingAnalysis-frameworks.sh\"\n";
			showEnvVarsInLog = 0;
		};
		FD09997F63F97547BD7578C7 /* 📦 Copy Pods Resources */ = {
			isa = PBXShellScriptBuildPhase;
			buildActionMask = 2147483647;
			files = (
			);
			inputPaths = (
			);
			name = "📦 Copy Pods Resources";
			outputPaths = (
			);
			runOnlyForDeploymentPostprocessing = 0;
			shellPath = /bin/sh;
			shellScript = "\"${SRCROOT}/Pods/Target Support Files/Pods-SpendingAnalysisUITests/Pods-SpendingAnalysisUITests-resources.sh\"\n";
			showEnvVarsInLog = 0;
		};
/* End PBXShellScriptBuildPhase section */

/* Begin PBXSourcesBuildPhase section */
		2F5E49EA1CE404CE003759AE /* Sources */ = {
			isa = PBXSourcesBuildPhase;
			buildActionMask = 2147483647;
			files = (
				2FFC1A6E1D551A2E003B879D /* TransactionsByTimeWiring.swift in Sources */,
				2F79C61B1D8CBAA200A3BF0D /* ChartParameters.swift in Sources */,
				2FEE8B611D45DCAA00EBE248 /* MainMenuViewModel.swift in Sources */,
				2F9E6EE31D909D3A00B8DEB8 /* UITableViewCell+Rx.swift in Sources */,
				2FFC1A771D584FA6003B879D /* SpendingAnalysisAPI.swift in Sources */,
				2F50B7211D87B81C0079BCB9 /* ChartParameterViewModel.swift in Sources */,
				2F50B7231D87B8340079BCB9 /* ChartParameterWiring.swift in Sources */,
				2F46BA421D8906BB0007B056 /* PopModalAnimatedTransitioning.swift in Sources */,
				2FFC1A6C1D551A1C003B879D /* TransactionsByTimeViewController.swift in Sources */,
				2FEE8B5D1D45DC8900EBE248 /* MainMenuViewController.swift in Sources */,
				2FFC1A701D551A58003B879D /* TransactionsByTimeViewModel.swift in Sources */,
				2F56F1381D75493700B5DA7D /* ResponseObjects.swift in Sources */,
				2FFC1A741D58489B003B879D /* TransactionsByTimeView.swift in Sources */,
				2FEE8B5F1D45DC9900EBE248 /* MainMenuWiring.swift in Sources */,
				2F9DD9901D847345000160D1 /* DataFrame+Charting.swift in Sources */,
				2F103F601D8C767E00A579BE /* ExpandableViewType.swift in Sources */,
				2F50B71F1D87B7D10079BCB9 /* ChartParameterViewController.swift in Sources */,
				2FEE8B551D45DA9800EBE248 /* CreateTrackingReportWiring.swift in Sources */,
				2FEE8B571D45DAAA00EBE248 /* CreateTrackingReportViewModel.swift in Sources */,
				2FFC1A791D58545C003B879D /* NetworkInterface.swift in Sources */,
				2F9E6EDE1D904ABF00B8DEB8 /* NibLoadable.swift in Sources */,
				2F50B7271D87C3440079BCB9 /* PopModalTransitioningDelegate.swift in Sources */,
				2F79C6181D8CAACA00A3BF0D /* ChartParameterView.swift in Sources */,
				2FEE8B5A1D45DB3D00EBE248 /* AppRouting.swift in Sources */,
				2F9E6EE01D904E9D00B8DEB8 /* ExpandableTableViewCell.swift in Sources */,
				2F103F5E1D8C75C300A579BE /* DateRangeSelectionView.swift in Sources */,
				2F5E49F21CE404CE003759AE /* AppDelegate.swift in Sources */,
				2FEE8B531D45DA7400EBE248 /* CreateTrackingReportViewController.swift in Sources */,
				2F103F621D8C7A4700A579BE /* UIView+Drawing.swift in Sources */,
				2F9DD98D1D7C99EE000160D1 /* Indicies.swift in Sources */,
				2F9DD98B1D7C898E000160D1 /* DataFrame.swift in Sources */,
			);
			runOnlyForDeploymentPostprocessing = 0;
		};
		2F5E4A001CE404CE003759AE /* Sources */ = {
			isa = PBXSourcesBuildPhase;
			buildActionMask = 2147483647;
			files = (
				2F5E4A091CE404CE003759AE /* SpendingAnalysisTests.swift in Sources */,
			);
			runOnlyForDeploymentPostprocessing = 0;
		};
		2F5E4A0B1CE404CE003759AE /* Sources */ = {
			isa = PBXSourcesBuildPhase;
			buildActionMask = 2147483647;
			files = (
				2F5E4A141CE404CE003759AE /* SpendingAnalysisUITests.swift in Sources */,
			);
			runOnlyForDeploymentPostprocessing = 0;
		};
/* End PBXSourcesBuildPhase section */

/* Begin PBXTargetDependency section */
		2F5E4A061CE404CE003759AE /* PBXTargetDependency */ = {
			isa = PBXTargetDependency;
			target = 2F5E49ED1CE404CE003759AE /* SpendingAnalysis */;
			targetProxy = 2F5E4A051CE404CE003759AE /* PBXContainerItemProxy */;
		};
		2F5E4A111CE404CE003759AE /* PBXTargetDependency */ = {
			isa = PBXTargetDependency;
			target = 2F5E49ED1CE404CE003759AE /* SpendingAnalysis */;
			targetProxy = 2F5E4A101CE404CE003759AE /* PBXContainerItemProxy */;
		};
/* End PBXTargetDependency section */

/* Begin PBXVariantGroup section */
		2F5E49FC1CE404CE003759AE /* LaunchScreen.storyboard */ = {
			isa = PBXVariantGroup;
			children = (
				2F5E49FD1CE404CE003759AE /* Base */,
			);
			name = LaunchScreen.storyboard;
			sourceTree = "<group>";
		};
/* End PBXVariantGroup section */

/* Begin XCBuildConfiguration section */
		2F5E4A161CE404CE003759AE /* Debug */ = {
			isa = XCBuildConfiguration;
			buildSettings = {
				ALWAYS_SEARCH_USER_PATHS = NO;
				CLANG_ANALYZER_NONNULL = YES;
				CLANG_CXX_LANGUAGE_STANDARD = "gnu++0x";
				CLANG_CXX_LIBRARY = "libc++";
				CLANG_ENABLE_MODULES = YES;
				CLANG_ENABLE_OBJC_ARC = YES;
				CLANG_WARN_BOOL_CONVERSION = YES;
				CLANG_WARN_CONSTANT_CONVERSION = YES;
				CLANG_WARN_DIRECT_OBJC_ISA_USAGE = YES_ERROR;
				CLANG_WARN_EMPTY_BODY = YES;
				CLANG_WARN_ENUM_CONVERSION = YES;
				CLANG_WARN_INFINITE_RECURSION = YES;
				CLANG_WARN_INT_CONVERSION = YES;
				CLANG_WARN_OBJC_ROOT_CLASS = YES_ERROR;
				CLANG_WARN_SUSPICIOUS_MOVE = YES;
				CLANG_WARN_UNREACHABLE_CODE = YES;
				CLANG_WARN__DUPLICATE_METHOD_MATCH = YES;
				"CODE_SIGN_IDENTITY[sdk=iphoneos*]" = "iPhone Developer";
				COPY_PHASE_STRIP = NO;
				DEBUG_INFORMATION_FORMAT = dwarf;
				DEVELOPMENT_TEAM = NQS38S6PZY;
				ENABLE_STRICT_OBJC_MSGSEND = YES;
				ENABLE_TESTABILITY = YES;
				GCC_C_LANGUAGE_STANDARD = gnu99;
				GCC_DYNAMIC_NO_PIC = NO;
				GCC_NO_COMMON_BLOCKS = YES;
				GCC_OPTIMIZATION_LEVEL = 0;
				GCC_PREPROCESSOR_DEFINITIONS = (
					"DEBUG=1",
					"$(inherited)",
				);
				GCC_WARN_64_TO_32_BIT_CONVERSION = YES;
				GCC_WARN_ABOUT_RETURN_TYPE = YES_ERROR;
				GCC_WARN_UNDECLARED_SELECTOR = YES;
				GCC_WARN_UNINITIALIZED_AUTOS = YES_AGGRESSIVE;
				GCC_WARN_UNUSED_FUNCTION = YES;
				GCC_WARN_UNUSED_VARIABLE = YES;
				IPHONEOS_DEPLOYMENT_TARGET = 9.3;
				MTL_ENABLE_DEBUG_INFO = YES;
				ONLY_ACTIVE_ARCH = YES;
				SDKROOT = iphoneos;
				SWIFT_OPTIMIZATION_LEVEL = "-Onone";
				TARGETED_DEVICE_FAMILY = "1,2";
			};
			name = Debug;
		};
		2F5E4A171CE404CE003759AE /* Release */ = {
			isa = XCBuildConfiguration;
			buildSettings = {
				ALWAYS_SEARCH_USER_PATHS = NO;
				CLANG_ANALYZER_NONNULL = YES;
				CLANG_CXX_LANGUAGE_STANDARD = "gnu++0x";
				CLANG_CXX_LIBRARY = "libc++";
				CLANG_ENABLE_MODULES = YES;
				CLANG_ENABLE_OBJC_ARC = YES;
				CLANG_WARN_BOOL_CONVERSION = YES;
				CLANG_WARN_CONSTANT_CONVERSION = YES;
				CLANG_WARN_DIRECT_OBJC_ISA_USAGE = YES_ERROR;
				CLANG_WARN_EMPTY_BODY = YES;
				CLANG_WARN_ENUM_CONVERSION = YES;
				CLANG_WARN_INFINITE_RECURSION = YES;
				CLANG_WARN_INT_CONVERSION = YES;
				CLANG_WARN_OBJC_ROOT_CLASS = YES_ERROR;
				CLANG_WARN_SUSPICIOUS_MOVE = YES;
				CLANG_WARN_UNREACHABLE_CODE = YES;
				CLANG_WARN__DUPLICATE_METHOD_MATCH = YES;
				"CODE_SIGN_IDENTITY[sdk=iphoneos*]" = "iPhone Developer";
				COPY_PHASE_STRIP = NO;
				DEBUG_INFORMATION_FORMAT = "dwarf-with-dsym";
				DEVELOPMENT_TEAM = NQS38S6PZY;
				ENABLE_NS_ASSERTIONS = NO;
				ENABLE_STRICT_OBJC_MSGSEND = YES;
				GCC_C_LANGUAGE_STANDARD = gnu99;
				GCC_NO_COMMON_BLOCKS = YES;
				GCC_WARN_64_TO_32_BIT_CONVERSION = YES;
				GCC_WARN_ABOUT_RETURN_TYPE = YES_ERROR;
				GCC_WARN_UNDECLARED_SELECTOR = YES;
				GCC_WARN_UNINITIALIZED_AUTOS = YES_AGGRESSIVE;
				GCC_WARN_UNUSED_FUNCTION = YES;
				GCC_WARN_UNUSED_VARIABLE = YES;
				IPHONEOS_DEPLOYMENT_TARGET = 9.3;
				MTL_ENABLE_DEBUG_INFO = NO;
				SDKROOT = iphoneos;
				SWIFT_OPTIMIZATION_LEVEL = "-Owholemodule";
				TARGETED_DEVICE_FAMILY = "1,2";
				VALIDATE_PRODUCT = YES;
			};
			name = Release;
		};
		2F5E4A191CE404CE003759AE /* Debug */ = {
			isa = XCBuildConfiguration;
			baseConfigurationReference = C9EC790D364A35D6F2D9C57F /* Pods-SpendingAnalysis.debug.xcconfig */;
			buildSettings = {
				ALWAYS_EMBED_SWIFT_STANDARD_LIBRARIES = YES;
				ASSETCATALOG_COMPILER_APPICON_NAME = AppIcon;
				INFOPLIST_FILE = SpendingAnalysis/Info.plist;
				IPHONEOS_DEPLOYMENT_TARGET = 10.0;
				LD_RUNPATH_SEARCH_PATHS = "$(inherited) @executable_path/Frameworks";
				PRODUCT_BUNDLE_IDENTIFIER = io.13bit.SpendingAnalysis;
				PRODUCT_NAME = "$(TARGET_NAME)";
				SWIFT_VERSION = 2.3;
			};
			name = Debug;
		};
		2F5E4A1A1CE404CE003759AE /* Release */ = {
			isa = XCBuildConfiguration;
			baseConfigurationReference = 51D8DD2B0FFC03CD992C9067 /* Pods-SpendingAnalysis.release.xcconfig */;
			buildSettings = {
				ALWAYS_EMBED_SWIFT_STANDARD_LIBRARIES = YES;
				ASSETCATALOG_COMPILER_APPICON_NAME = AppIcon;
				INFOPLIST_FILE = SpendingAnalysis/Info.plist;
				IPHONEOS_DEPLOYMENT_TARGET = 10.0;
				LD_RUNPATH_SEARCH_PATHS = "$(inherited) @executable_path/Frameworks";
				PRODUCT_BUNDLE_IDENTIFIER = io.13bit.SpendingAnalysis;
				PRODUCT_NAME = "$(TARGET_NAME)";
				SWIFT_VERSION = 2.3;
			};
			name = Release;
		};
		2F5E4A1C1CE404CE003759AE /* Debug */ = {
			isa = XCBuildConfiguration;
			baseConfigurationReference = 0E407FE472C09065FB9FF2F1 /* Pods-SpendingAnalysisTests.debug.xcconfig */;
			buildSettings = {
				BUNDLE_LOADER = "$(TEST_HOST)";
				INFOPLIST_FILE = SpendingAnalysisTests/Info.plist;
				LD_RUNPATH_SEARCH_PATHS = "$(inherited) @executable_path/Frameworks @loader_path/Frameworks";
				PRODUCT_BUNDLE_IDENTIFIER = io.13bit.SpendingAnalysisTests;
				PRODUCT_NAME = "$(TARGET_NAME)";
				SWIFT_VERSION = 2.3;
				TEST_HOST = "$(BUILT_PRODUCTS_DIR)/SpendingAnalysis.app/SpendingAnalysis";
			};
			name = Debug;
		};
		2F5E4A1D1CE404CE003759AE /* Release */ = {
			isa = XCBuildConfiguration;
			baseConfigurationReference = E4B2AE54A5DF7C5837030033 /* Pods-SpendingAnalysisTests.release.xcconfig */;
			buildSettings = {
				BUNDLE_LOADER = "$(TEST_HOST)";
				INFOPLIST_FILE = SpendingAnalysisTests/Info.plist;
				LD_RUNPATH_SEARCH_PATHS = "$(inherited) @executable_path/Frameworks @loader_path/Frameworks";
				PRODUCT_BUNDLE_IDENTIFIER = io.13bit.SpendingAnalysisTests;
				PRODUCT_NAME = "$(TARGET_NAME)";
				SWIFT_VERSION = 2.3;
				TEST_HOST = "$(BUILT_PRODUCTS_DIR)/SpendingAnalysis.app/SpendingAnalysis";
			};
			name = Release;
		};
		2F5E4A1F1CE404CE003759AE /* Debug */ = {
			isa = XCBuildConfiguration;
			baseConfigurationReference = 1D61DC1B048F9CDFD3E5431A /* Pods-SpendingAnalysisUITests.debug.xcconfig */;
			buildSettings = {
				INFOPLIST_FILE = SpendingAnalysisUITests/Info.plist;
				LD_RUNPATH_SEARCH_PATHS = "$(inherited) @executable_path/Frameworks @loader_path/Frameworks";
				PRODUCT_BUNDLE_IDENTIFIER = io.13bit.SpendingAnalysisUITests;
				PRODUCT_NAME = "$(TARGET_NAME)";
				SWIFT_VERSION = 2.3;
				TEST_TARGET_NAME = SpendingAnalysis;
			};
			name = Debug;
		};
		2F5E4A201CE404CE003759AE /* Release */ = {
			isa = XCBuildConfiguration;
			baseConfigurationReference = 52F378DE8D53F607EF60AEFB /* Pods-SpendingAnalysisUITests.release.xcconfig */;
			buildSettings = {
				INFOPLIST_FILE = SpendingAnalysisUITests/Info.plist;
				LD_RUNPATH_SEARCH_PATHS = "$(inherited) @executable_path/Frameworks @loader_path/Frameworks";
				PRODUCT_BUNDLE_IDENTIFIER = io.13bit.SpendingAnalysisUITests;
				PRODUCT_NAME = "$(TARGET_NAME)";
				SWIFT_VERSION = 2.3;
				TEST_TARGET_NAME = SpendingAnalysis;
			};
			name = Release;
		};
/* End XCBuildConfiguration section */

/* Begin XCConfigurationList section */
		2F5E49E91CE404CE003759AE /* Build configuration list for PBXProject "SpendingAnalysis" */ = {
			isa = XCConfigurationList;
			buildConfigurations = (
				2F5E4A161CE404CE003759AE /* Debug */,
				2F5E4A171CE404CE003759AE /* Release */,
			);
			defaultConfigurationIsVisible = 0;
			defaultConfigurationName = Release;
		};
		2F5E4A181CE404CE003759AE /* Build configuration list for PBXNativeTarget "SpendingAnalysis" */ = {
			isa = XCConfigurationList;
			buildConfigurations = (
				2F5E4A191CE404CE003759AE /* Debug */,
				2F5E4A1A1CE404CE003759AE /* Release */,
			);
			defaultConfigurationIsVisible = 0;
			defaultConfigurationName = Release;
		};
		2F5E4A1B1CE404CE003759AE /* Build configuration list for PBXNativeTarget "SpendingAnalysisTests" */ = {
			isa = XCConfigurationList;
			buildConfigurations = (
				2F5E4A1C1CE404CE003759AE /* Debug */,
				2F5E4A1D1CE404CE003759AE /* Release */,
			);
			defaultConfigurationIsVisible = 0;
			defaultConfigurationName = Release;
		};
		2F5E4A1E1CE404CE003759AE /* Build configuration list for PBXNativeTarget "SpendingAnalysisUITests" */ = {
			isa = XCConfigurationList;
			buildConfigurations = (
				2F5E4A1F1CE404CE003759AE /* Debug */,
				2F5E4A201CE404CE003759AE /* Release */,
			);
			defaultConfigurationIsVisible = 0;
			defaultConfigurationName = Release;
		};
/* End XCConfigurationList section */
	};
	rootObject = 2F5E49E61CE404CE003759AE /* Project object */;
}
